{
    "requires": true,
    "lockfileVersion": 1,
    "dependencies": {
        "select2": {
            "version": "4.0.10",
            "resolved": "https://registry.npmjs.org/select2/-/select2-4.0.10.tgz",
            "integrity": "sha512-g9fWMdEif4eQ901eiJV3os0MG5y20/3E2WNy0PfYf0T6Q/zZB/NOroJwAxcfE6uv5x0/BGeCDGNtoj9PqCdQEg=="
        }
    }
}
